
Microsoft Visual Studio Solution File, Format Version 12.00
# Visual Studio Version 16
VisualStudioVersion = 16.0.29424.173
MinimumVisualStudioVersion = 10.0.40219.1
Project("{FAE04EC0-301F-11D3-BF4B-00C04F79EFBC}") = "Practice-11", "Practice-11\Practice-11.csproj", "{455F8448-37CB-45C8-A661-FE6FE9B07C41}"
EndProject
Global
	GlobalSection(SolutionConfigurationPlatforms) = preSolution
		Debug|Any CPU = Debug|Any CPU
		Release|Any CPU = Release|Any CPU
	EndGlobalSection
	GlobalSection(ProjectConfigurationPlatforms) = postSolution
		{455F8448-37CB-45C8-A661-FE6FE9B07C41}.Debug|Any CPU.ActiveCfg = Debug|Any CPU
		{455F8448-37CB-45C8-A661-FE6FE9B07C41}.Debug|Any CPU.Build.0 = Debug|Any CPU
		{455F8448-37CB-45C8-A661-FE6FE9B07C41}.Release|Any CPU.ActiveCfg = Release|Any CPU
		{455F8448-37CB-45C8-A661-FE6FE9B07C41}.Release|Any CPU.Build.0 = Release|Any CPU
	EndGlobalSection
	GlobalSection(SolutionProperties) = preSolution
		HideSolutionNode = FALSE
	EndGlobalSection
	GlobalSection(ExtensibilityGlobals) = postSolution
		SolutionGuid = {E2126794-1DFF-4FEA-BBF6-A01CB0026A32}
	EndGlobalSection
EndGlobal
