
Microsoft Visual Studio Solution File, Format Version 12.00
# Visual Studio Version 16
VisualStudioVersion = 16.0.29424.173
MinimumVisualStudioVersion = 10.0.40219.1
Project("{FAE04EC0-301F-11D3-BF4B-00C04F79EFBC}") = "Practice-9", "Practice-9\Practice-9.csproj", "{E5F55B85-9473-4A35-AFAB-6EDD968C0EC2}"
EndProject
Project("{FAE04EC0-301F-11D3-BF4B-00C04F79EFBC}") = "Practice-9Test", "Practice-9Test\Practice-9Test.csproj", "{87BDD7C8-B6B8-42A7-99FC-23EC5AC61189}"
EndProject
Global
	GlobalSection(SolutionConfigurationPlatforms) = preSolution
		Debug|Any CPU = Debug|Any CPU
		Release|Any CPU = Release|Any CPU
	EndGlobalSection
	GlobalSection(ProjectConfigurationPlatforms) = postSolution
		{E5F55B85-9473-4A35-AFAB-6EDD968C0EC2}.Debug|Any CPU.ActiveCfg = Debug|Any CPU
		{E5F55B85-9473-4A35-AFAB-6EDD968C0EC2}.Debug|Any CPU.Build.0 = Debug|Any CPU
		{E5F55B85-9473-4A35-AFAB-6EDD968C0EC2}.Release|Any CPU.ActiveCfg = Release|Any CPU
		{E5F55B85-9473-4A35-AFAB-6EDD968C0EC2}.Release|Any CPU.Build.0 = Release|Any CPU
		{87BDD7C8-B6B8-42A7-99FC-23EC5AC61189}.Debug|Any CPU.ActiveCfg = Debug|Any CPU
		{87BDD7C8-B6B8-42A7-99FC-23EC5AC61189}.Debug|Any CPU.Build.0 = Debug|Any CPU
		{87BDD7C8-B6B8-42A7-99FC-23EC5AC61189}.Release|Any CPU.ActiveCfg = Release|Any CPU
		{87BDD7C8-B6B8-42A7-99FC-23EC5AC61189}.Release|Any CPU.Build.0 = Release|Any CPU
	EndGlobalSection
	GlobalSection(SolutionProperties) = preSolution
		HideSolutionNode = FALSE
	EndGlobalSection
	GlobalSection(ExtensibilityGlobals) = postSolution
		SolutionGuid = {E8517D4B-0A1E-4956-A9D4-E9A94FF31A3E}
	EndGlobalSection
EndGlobal
