
Microsoft Visual Studio Solution File, Format Version 12.00
# Visual Studio Version 16
VisualStudioVersion = 16.0.29424.173
MinimumVisualStudioVersion = 10.0.40219.1
Project("{FAE04EC0-301F-11D3-BF4B-00C04F79EFBC}") = "Practice-2", "Practice-2\Practice-2.csproj", "{AEC5CCA7-753D-4103-A9D9-0C2B30A75E95}"
EndProject
Global
	GlobalSection(SolutionConfigurationPlatforms) = preSolution
		Debug|Any CPU = Debug|Any CPU
		Release|Any CPU = Release|Any CPU
	EndGlobalSection
	GlobalSection(ProjectConfigurationPlatforms) = postSolution
		{AEC5CCA7-753D-4103-A9D9-0C2B30A75E95}.Debug|Any CPU.ActiveCfg = Debug|Any CPU
		{AEC5CCA7-753D-4103-A9D9-0C2B30A75E95}.Debug|Any CPU.Build.0 = Debug|Any CPU
		{AEC5CCA7-753D-4103-A9D9-0C2B30A75E95}.Release|Any CPU.ActiveCfg = Release|Any CPU
		{AEC5CCA7-753D-4103-A9D9-0C2B30A75E95}.Release|Any CPU.Build.0 = Release|Any CPU
	EndGlobalSection
	GlobalSection(SolutionProperties) = preSolution
		HideSolutionNode = FALSE
	EndGlobalSection
	GlobalSection(ExtensibilityGlobals) = postSolution
		SolutionGuid = {18715FA1-B845-4309-B4D7-43CE9C589AF5}
	EndGlobalSection
EndGlobal
